
Microsoft Visual Studio Solution File, Format Version 12.00
# Visual Studio 15
VisualStudioVersion = 15.0.28307.852
MinimumVisualStudioVersion = 10.0.40219.1
Project("{8BC9CEB8-8B4A-11D0-8D11-00A0C91BC942}") = "Vector", "Vector.vcxproj", "{449D1D69-925F-4DCD-824A-E5152B8A7EE8}"
EndProject
Global
	GlobalSection(SolutionConfigurationPlatforms) = preSolution
		Debug|x64 = Debug|x64
		Debug|x86 = Debug|x86
		Release|x64 = Release|x64
		Release|x86 = Release|x86
	EndGlobalSection
	GlobalSection(ProjectConfigurationPlatforms) = postSolution
		{449D1D69-925F-4DCD-824A-E5152B8A7EE8}.Debug|x64.ActiveCfg = Debug|x64
		{449D1D69-925F-4DCD-824A-E5152B8A7EE8}.Debug|x64.Build.0 = Debug|x64
		{449D1D69-925F-4DCD-824A-E5152B8A7EE8}.Debug|x86.ActiveCfg = Debug|Win32
		{449D1D69-925F-4DCD-824A-E5152B8A7EE8}.Debug|x86.Build.0 = Debug|Win32
		{449D1D69-925F-4DCD-824A-E5152B8A7EE8}.Release|x64.ActiveCfg = Release|x64
		{449D1D69-925F-4DCD-824A-E5152B8A7EE8}.Release|x64.Build.0 = Release|x64
		{449D1D69-925F-4DCD-824A-E5152B8A7EE8}.Release|x86.ActiveCfg = Release|Win32
		{449D1D69-925F-4DCD-824A-E5152B8A7EE8}.Release|x86.Build.0 = Release|Win32
	EndGlobalSection
	GlobalSection(SolutionProperties) = preSolution
		HideSolutionNode = FALSE
	EndGlobalSection
	GlobalSection(ExtensibilityGlobals) = postSolution
		SolutionGuid = {F3AEAF39-67F6-4843-984B-30D26D121F08}
	EndGlobalSection
EndGlobal
